
Microsoft Visual Studio Solution File, Format Version 12.00
# Visual Studio Version 17
VisualStudioVersion = 17.9.34616.47
MinimumVisualStudioVersion = 10.0.40219.1
Project("{2150E333-8FDC-42A3-9474-1A3956D46DE8}") = "ShopeManagement", "ShopeManagement", "{B912C190-567D-4A13-90E2-788B89F73655}"
EndProject
Project("{2150E333-8FDC-42A3-9474-1A3956D46DE8}") = "SM.Domain", "SM.Domain", "{9F7B1A60-2145-436C-B23E-5AA893F597F0}"
EndProject
Project("{9A19103F-16F7-4668-BE54-9A1E7A4F7556}") = "ShopeManagement.Domain", "ShopeManagement.Domain\ShopeManagement.Domain.csproj", "{AD1AD45F-3731-4A23-B3AD-6761550D5415}"
EndProject
Project("{9A19103F-16F7-4668-BE54-9A1E7A4F7556}") = "0_Framework", "0_Framework\0_Framework.csproj", "{92A7BEF9-2FAB-4878-97DD-8EEFBF4FF994}"
EndProject
Project("{2150E333-8FDC-42A3-9474-1A3956D46DE8}") = "SM.Infrastructure", "SM.Infrastructure", "{61DBB610-7DE1-4291-9CF1-8DABE496A38A}"
EndProject
Project("{9A19103F-16F7-4668-BE54-9A1E7A4F7556}") = "ShopeManagement.Infrastructure", "ShopeManagement.Infrastructure\ShopeManagement.Infrastructure.csproj", "{F571C17D-129D-47A3-9248-47C42844B96B}"
EndProject
Project("{2150E333-8FDC-42A3-9474-1A3956D46DE8}") = "SM.Application", "SM.Application", "{5C7DA440-E901-40BB-84C4-C7258F2B3786}"
EndProject
Project("{9A19103F-16F7-4668-BE54-9A1E7A4F7556}") = "ShopeManegement.Application", "ShopeManegement.Application\ShopeManegement.Application.csproj", "{AB190F14-3DEB-44CE-99FD-757AD6F0A778}"
EndProject
Project("{9A19103F-16F7-4668-BE54-9A1E7A4F7556}") = "ShopeManagementBootstraper.Configure", "ShopeManagementBootstraper\ShopeManagementBootstraper.Configure.csproj", "{3411C8DA-7B1C-4047-82EE-C5E85BB63F10}"
EndProject
Project("{9A19103F-16F7-4668-BE54-9A1E7A4F7556}") = "ServiceHost", "ServiceHost\ServiceHost.csproj", "{A0B7CB5E-B5FC-423A-96FC-1B7F55579402}"
EndProject
Project("{9A19103F-16F7-4668-BE54-9A1E7A4F7556}") = "01_LampShadeQuery", "01_LampShadeQuery\01_LampShadeQuery.csproj", "{D730C118-E806-453F-B6D3-F594B2A970B7}"
EndProject
Project("{2150E333-8FDC-42A3-9474-1A3956D46DE8}") = "DiscountManagement", "DiscountManagement", "{748A1308-CD96-4836-BDB6-1AA9AB95E022}"
EndProject
Project("{2150E333-8FDC-42A3-9474-1A3956D46DE8}") = "DM.Domian", "DM.Domian", "{33A5FF1A-7CE5-4400-B676-66F390C93E84}"
EndProject
Project("{FAE04EC0-301F-11D3-BF4B-00C04F79EFBC}") = "DiscountManagement.Domain", "DiscountManagement.Domain\DiscountManagement.Domain.csproj", "{34510B0E-3BF6-4D5E-9D9B-C86424D17A9D}"
EndProject
Project("{2150E333-8FDC-42A3-9474-1A3956D46DE8}") = "DM.Infrastructure", "DM.Infrastructure", "{6F396A4F-0151-4F45-9DE1-2BC8FCF5E72D}"
EndProject
Project("{FAE04EC0-301F-11D3-BF4B-00C04F79EFBC}") = "DiscountManagement.Infrastructure", "DiscountManagement.Infrastructure\DiscountManagement.Infrastructure.csproj", "{A2F52964-688A-4046-A59E-8AF355A1D3B7}"
EndProject
Project("{2150E333-8FDC-42A3-9474-1A3956D46DE8}") = "DM.Application", "DM.Application", "{63F104A1-8B2A-42E4-930D-8F462FB339FC}"
EndProject
Project("{FAE04EC0-301F-11D3-BF4B-00C04F79EFBC}") = "DiscountManagement.Application", "DiscountManagement.Application\DiscountManagement.Application.csproj", "{BEBCD933-80A6-4A72-AA6C-2A6E1CF417C3}"
EndProject
Project("{FAE04EC0-301F-11D3-BF4B-00C04F79EFBC}") = "DiscountManegement.Configuration", "DiscountManegement.Configuration\DiscountManegement.Configuration.csproj", "{3890270A-6B9D-4E76-A552-B3ED9EA7B5EC}"
EndProject
Global
	GlobalSection(SolutionConfigurationPlatforms) = preSolution
		Debug|Any CPU = Debug|Any CPU
		Release|Any CPU = Release|Any CPU
	EndGlobalSection
	GlobalSection(ProjectConfigurationPlatforms) = postSolution
		{AD1AD45F-3731-4A23-B3AD-6761550D5415}.Debug|Any CPU.ActiveCfg = Debug|Any CPU
		{AD1AD45F-3731-4A23-B3AD-6761550D5415}.Debug|Any CPU.Build.0 = Debug|Any CPU
		{AD1AD45F-3731-4A23-B3AD-6761550D5415}.Release|Any CPU.ActiveCfg = Release|Any CPU
		{AD1AD45F-3731-4A23-B3AD-6761550D5415}.Release|Any CPU.Build.0 = Release|Any CPU
		{92A7BEF9-2FAB-4878-97DD-8EEFBF4FF994}.Debug|Any CPU.ActiveCfg = Debug|Any CPU
		{92A7BEF9-2FAB-4878-97DD-8EEFBF4FF994}.Debug|Any CPU.Build.0 = Debug|Any CPU
		{92A7BEF9-2FAB-4878-97DD-8EEFBF4FF994}.Release|Any CPU.ActiveCfg = Release|Any CPU
		{92A7BEF9-2FAB-4878-97DD-8EEFBF4FF994}.Release|Any CPU.Build.0 = Release|Any CPU
		{F571C17D-129D-47A3-9248-47C42844B96B}.Debug|Any CPU.ActiveCfg = Debug|Any CPU
		{F571C17D-129D-47A3-9248-47C42844B96B}.Debug|Any CPU.Build.0 = Debug|Any CPU
		{F571C17D-129D-47A3-9248-47C42844B96B}.Release|Any CPU.ActiveCfg = Release|Any CPU
		{F571C17D-129D-47A3-9248-47C42844B96B}.Release|Any CPU.Build.0 = Release|Any CPU
		{AB190F14-3DEB-44CE-99FD-757AD6F0A778}.Debug|Any CPU.ActiveCfg = Debug|Any CPU
		{AB190F14-3DEB-44CE-99FD-757AD6F0A778}.Debug|Any CPU.Build.0 = Debug|Any CPU
		{AB190F14-3DEB-44CE-99FD-757AD6F0A778}.Release|Any CPU.ActiveCfg = Release|Any CPU
		{AB190F14-3DEB-44CE-99FD-757AD6F0A778}.Release|Any CPU.Build.0 = Release|Any CPU
		{3411C8DA-7B1C-4047-82EE-C5E85BB63F10}.Debug|Any CPU.ActiveCfg = Debug|Any CPU
		{3411C8DA-7B1C-4047-82EE-C5E85BB63F10}.Debug|Any CPU.Build.0 = Debug|Any CPU
		{3411C8DA-7B1C-4047-82EE-C5E85BB63F10}.Release|Any CPU.ActiveCfg = Release|Any CPU
		{3411C8DA-7B1C-4047-82EE-C5E85BB63F10}.Release|Any CPU.Build.0 = Release|Any CPU
		{A0B7CB5E-B5FC-423A-96FC-1B7F55579402}.Debug|Any CPU.ActiveCfg = Debug|Any CPU
		{A0B7CB5E-B5FC-423A-96FC-1B7F55579402}.Debug|Any CPU.Build.0 = Debug|Any CPU
		{A0B7CB5E-B5FC-423A-96FC-1B7F55579402}.Release|Any CPU.ActiveCfg = Release|Any CPU
		{A0B7CB5E-B5FC-423A-96FC-1B7F55579402}.Release|Any CPU.Build.0 = Release|Any CPU
		{D730C118-E806-453F-B6D3-F594B2A970B7}.Debug|Any CPU.ActiveCfg = Debug|Any CPU
		{D730C118-E806-453F-B6D3-F594B2A970B7}.Debug|Any CPU.Build.0 = Debug|Any CPU
		{D730C118-E806-453F-B6D3-F594B2A970B7}.Release|Any CPU.ActiveCfg = Release|Any CPU
		{D730C118-E806-453F-B6D3-F594B2A970B7}.Release|Any CPU.Build.0 = Release|Any CPU
		{34510B0E-3BF6-4D5E-9D9B-C86424D17A9D}.Debug|Any CPU.ActiveCfg = Debug|Any CPU
		{34510B0E-3BF6-4D5E-9D9B-C86424D17A9D}.Debug|Any CPU.Build.0 = Debug|Any CPU
		{34510B0E-3BF6-4D5E-9D9B-C86424D17A9D}.Release|Any CPU.ActiveCfg = Release|Any CPU
		{34510B0E-3BF6-4D5E-9D9B-C86424D17A9D}.Release|Any CPU.Build.0 = Release|Any CPU
		{A2F52964-688A-4046-A59E-8AF355A1D3B7}.Debug|Any CPU.ActiveCfg = Debug|Any CPU
		{A2F52964-688A-4046-A59E-8AF355A1D3B7}.Debug|Any CPU.Build.0 = Debug|Any CPU
		{A2F52964-688A-4046-A59E-8AF355A1D3B7}.Release|Any CPU.ActiveCfg = Release|Any CPU
		{A2F52964-688A-4046-A59E-8AF355A1D3B7}.Release|Any CPU.Build.0 = Release|Any CPU
		{BEBCD933-80A6-4A72-AA6C-2A6E1CF417C3}.Debug|Any CPU.ActiveCfg = Debug|Any CPU
		{BEBCD933-80A6-4A72-AA6C-2A6E1CF417C3}.Debug|Any CPU.Build.0 = Debug|Any CPU
		{BEBCD933-80A6-4A72-AA6C-2A6E1CF417C3}.Release|Any CPU.ActiveCfg = Release|Any CPU
		{BEBCD933-80A6-4A72-AA6C-2A6E1CF417C3}.Release|Any CPU.Build.0 = Release|Any CPU
		{3890270A-6B9D-4E76-A552-B3ED9EA7B5EC}.Debug|Any CPU.ActiveCfg = Debug|Any CPU
		{3890270A-6B9D-4E76-A552-B3ED9EA7B5EC}.Debug|Any CPU.Build.0 = Debug|Any CPU
		{3890270A-6B9D-4E76-A552-B3ED9EA7B5EC}.Release|Any CPU.ActiveCfg = Release|Any CPU
		{3890270A-6B9D-4E76-A552-B3ED9EA7B5EC}.Release|Any CPU.Build.0 = Release|Any CPU
	EndGlobalSection
	GlobalSection(SolutionProperties) = preSolution
		HideSolutionNode = FALSE
	EndGlobalSection
	GlobalSection(NestedProjects) = preSolution
		{9F7B1A60-2145-436C-B23E-5AA893F597F0} = {B912C190-567D-4A13-90E2-788B89F73655}
		{AD1AD45F-3731-4A23-B3AD-6761550D5415} = {9F7B1A60-2145-436C-B23E-5AA893F597F0}
		{61DBB610-7DE1-4291-9CF1-8DABE496A38A} = {B912C190-567D-4A13-90E2-788B89F73655}
		{F571C17D-129D-47A3-9248-47C42844B96B} = {61DBB610-7DE1-4291-9CF1-8DABE496A38A}
		{5C7DA440-E901-40BB-84C4-C7258F2B3786} = {B912C190-567D-4A13-90E2-788B89F73655}
		{AB190F14-3DEB-44CE-99FD-757AD6F0A778} = {5C7DA440-E901-40BB-84C4-C7258F2B3786}
		{3411C8DA-7B1C-4047-82EE-C5E85BB63F10} = {B912C190-567D-4A13-90E2-788B89F73655}
		{33A5FF1A-7CE5-4400-B676-66F390C93E84} = {748A1308-CD96-4836-BDB6-1AA9AB95E022}
		{34510B0E-3BF6-4D5E-9D9B-C86424D17A9D} = {33A5FF1A-7CE5-4400-B676-66F390C93E84}
		{6F396A4F-0151-4F45-9DE1-2BC8FCF5E72D} = {748A1308-CD96-4836-BDB6-1AA9AB95E022}
		{A2F52964-688A-4046-A59E-8AF355A1D3B7} = {6F396A4F-0151-4F45-9DE1-2BC8FCF5E72D}
		{63F104A1-8B2A-42E4-930D-8F462FB339FC} = {748A1308-CD96-4836-BDB6-1AA9AB95E022}
		{BEBCD933-80A6-4A72-AA6C-2A6E1CF417C3} = {63F104A1-8B2A-42E4-930D-8F462FB339FC}
		{3890270A-6B9D-4E76-A552-B3ED9EA7B5EC} = {748A1308-CD96-4836-BDB6-1AA9AB95E022}
	EndGlobalSection
	GlobalSection(ExtensibilityGlobals) = postSolution
		SolutionGuid = {33E45A8B-A12E-41A3-9CE8-6A8656236AD6}
	EndGlobalSection
EndGlobal
